
Microsoft Visual Studio Solution File, Format Version 12.00
# Visual Studio Version 17
VisualStudioVersion = 17.1.32228.430
MinimumVisualStudioVersion = 10.0.40219.1
Project("{FAE04EC0-301F-11D3-BF4B-00C04F79EFBC}") = "PjPrueba3", "PjPrueba3\PjPrueba3.csproj", "{3955A05D-4857-4679-A0CB-2400419BC503}"
EndProject
Global
	GlobalSection(SolutionConfigurationPlatforms) = preSolution
		Debug|Any CPU = Debug|Any CPU
		Release|Any CPU = Release|Any CPU
	EndGlobalSection
	GlobalSection(ProjectConfigurationPlatforms) = postSolution
		{3955A05D-4857-4679-A0CB-2400419BC503}.Debug|Any CPU.ActiveCfg = Debug|Any CPU
		{3955A05D-4857-4679-A0CB-2400419BC503}.Debug|Any CPU.Build.0 = Debug|Any CPU
		{3955A05D-4857-4679-A0CB-2400419BC503}.Release|Any CPU.ActiveCfg = Release|Any CPU
		{3955A05D-4857-4679-A0CB-2400419BC503}.Release|Any CPU.Build.0 = Release|Any CPU
	EndGlobalSection
	GlobalSection(SolutionProperties) = preSolution
		HideSolutionNode = FALSE
	EndGlobalSection
	GlobalSection(ExtensibilityGlobals) = postSolution
		SolutionGuid = {C251DF2B-F252-41DC-AC75-9E87B87C038B}
	EndGlobalSection
EndGlobal
